Microsoft Visual Studio Solution File, Format Version 12.00
# Visual Studio Version 18
VisualStudioVersion = 18.0.11201.2
MinimumVisualStudioVersion = 10.0.40219.1
Project("{2150E333-8FDC-42A3-9474-1A3956D46DE8}") = "src", "src", "{5D557424-A202-4B25-A9AA-D599D5682D5B}"
EndProject
Project("{2150E333-8FDC-42A3-9474-1A3956D46DE8}") = "_Core", "_Core", "{333C6444-07B8-4DC3-B4D3-01209EEE448F}"
EndProject
Project("{2150E333-8FDC-42A3-9474-1A3956D46DE8}") = "_CrossCutting", "_CrossCutting", "{220AD6A7-D2C0-44E7-A07F-65312F4ADA0B}"
EndProject
Project("{9A19103F-16F7-4668-BE54-9A1E7A4F7556}") = "Core.Domain", "src\Core\Core.Domain\Core.Domain.csproj", "{1280B712-9AC5-427F-824C-3E5A1106BF56}"
EndProject
Project("{9A19103F-16F7-4668-BE54-9A1E7A4F7556}") = "Core.Infra.Data", "src\Core\Core.Infra.Core.Data\Core.Infra.Data.csproj", "{80CC3AF3-6252-4508-AFCA-C764C2D9D285}"
EndProject
Project("{9A19103F-16F7-4668-BE54-9A1E7A4F7556}") = "CrossCuting.Infra.Utils", "src\CrossCutting\CrossCutting.Utils\CrossCuting.Infra.Utils.csproj", "{2A7B5724-FB33-4155-BA50-35E8C665C291}"
EndProject
Project("{9A19103F-16F7-4668-BE54-9A1E7A4F7556}") = "Core.Application", "src\Core\Core.Application\Core.Application.csproj", "{1B39F4D4-2343-4A54-BC7D-2DF400B4C75E}"
EndProject
Project("{9A19103F-16F7-4668-BE54-9A1E7A4F7556}") = "Core.Application.DTO", "src\Core\Core.Application.DTO\Core.Application.DTO.csproj", "{8D7B1732-783D-4C2E-BFE3-50EA71F8E94C}"
EndProject
Project("{9A19103F-16F7-4668-BE54-9A1E7A4F7556}") = "Core.Infra.IoC", "src\Core\Core.Infra.IoC\Core.Infra.IoC.csproj", "{4B5C619C-1571-4896-AB52-89A92CDC718D}"
EndProject
Project("{9A19103F-16F7-4668-BE54-9A1E7A4F7556}") = "Core.Api.Queries", "src\Core\Core.Api.Queries\Core.Api.Queries.csproj", "{B5506FB1-8969-47F4-B9A1-BBDE648436CD}"
EndProject
Project("{2150E333-8FDC-42A3-9474-1A3956D46DE8}") = "_Migrations", "_Migrations", "{91B1250D-665D-442D-92FB-3FDF44534EDA}"
EndProject
Project("{9A19103F-16F7-4668-BE54-9A1E7A4F7556}") = "Migrations.Api", "src\Migrations\Migrations.Api\Migrations.Api.csproj", "{844935A8-630B-474A-A626-07006FADCAF1}"
EndProject
Project("{FAE04EC0-301F-11D3-BF4B-00C04F79EFBC}") = "CrossCutting.Infra.Log", "src\CrossCutting\CrossCutting.Infra.Log\CrossCutting.Infra.Log.csproj", "{67CC1E80-001B-49A4-88EF-40447C6EC18B}"
EndProject
Project("{FAE04EC0-301F-11D3-BF4B-00C04F79EFBC}") = "Proposta.Api", "src\Proposta\Proposta.Api\Proposta.Api.csproj", "{4E6F9259-99F8-1080-204A-C5999E36E43D}"
EndProject
Project("{FAE04EC0-301F-11D3-BF4B-00C04F79EFBC}") = "Proposta.Api.Queries", "src\Proposta\Proposta.Api.Queries\Proposta.Api.Queries.csproj", "{2C269A05-8E37-FAF3-9A73-3D9926325F26}"
EndProject
Project("{FAE04EC0-301F-11D3-BF4B-00C04F79EFBC}") = "Proposta.Application", "src\Proposta\Proposta.Application\Proposta.Application.csproj", "{FDC61138-18EB-5FD4-0288-3BF149AB15FE}"
EndProject
Project("{FAE04EC0-301F-11D3-BF4B-00C04F79EFBC}") = "Proposta.Application.DTO", "src\Proposta\Proposta.Application.DTO\Proposta.Application.DTO.csproj", "{889938E6-4E4D-9F9F-5ABE-1F329B8B0235}"
EndProject
Project("{FAE04EC0-301F-11D3-BF4B-00C04F79EFBC}") = "Proposta.Domain", "src\Proposta\Proposta.Domain\Proposta.Domain.csproj", "{838605B8-5766-57B6-2857-30131DB8EDDB}"
EndProject
Project("{FAE04EC0-301F-11D3-BF4B-00C04F79EFBC}") = "Proposta.Enumerations", "src\Proposta\Proposta.Enumerations\Proposta.Enumerations.csproj", "{9BA1C9A2-D26E-EA36-55B1-101FDAA72E53}"
EndProject
Project("{FAE04EC0-301F-11D3-BF4B-00C04F79EFBC}") = "Proposta.Infra.Data", "src\Proposta\Proposta.Infra.Data\Proposta.Infra.Data.csproj", "{65405D9A-7BB6-1840-3469-DB1F45B8B6A0}"
EndProject
Project("{FAE04EC0-301F-11D3-BF4B-00C04F79EFBC}") = "Proposta.Infra.IoC", "src\Proposta\Proposta.Infra.IoC\Proposta.Infra.IoC.csproj", "{BD2A2075-2CC0-5D58-27D1-FF5D5471254A}"
EndProject
Project("{2150E333-8FDC-42A3-9474-1A3956D46DE8}") = "Proposta", "Proposta", "{B27A948F-D5B7-4816-9EF2-E46E6E41CA2E}"
EndProject
Project("{FAE04EC0-301F-11D3-BF4B-00C04F79EFBC}") = "Contratacao.Api", "src\Contratacao\Contratacao.Api\Contratacao.Api.csproj", "{49C002FF-7649-B1BF-2642-E5897B76B030}"
EndProject
Project("{FAE04EC0-301F-11D3-BF4B-00C04F79EFBC}") = "Contratacao.Api.Queries", "src\Contratacao\Contratacao.Api.Queries\Contratacao.Api.Queries.csproj", "{DA5464DF-55E1-D97D-D18E-CD874888B9A3}"
EndProject
Project("{FAE04EC0-301F-11D3-BF4B-00C04F79EFBC}") = "Contratacao.Application", "src\Contratacao\Contratacao.Application\Contratacao.Application.csproj", "{F9C70D30-30C5-6CD3-57F0-233932C4F222}"
EndProject
Project("{FAE04EC0-301F-11D3-BF4B-00C04F79EFBC}") = "Contratacao.Application.DTO", "src\Contratacao\Contratacao.Application.DTO\Contratacao.Application.DTO.csproj", "{E0715B78-72F1-B01B-0220-957E7FB526E5}"
EndProject
Project("{FAE04EC0-301F-11D3-BF4B-00C04F79EFBC}") = "Contratacao.Domain", "src\Contratacao\Contratacao.Domain\Contratacao.Domain.csproj", "{8588F0CD-83EB-87CF-CD4A-1718411BDC76}"
EndProject
Project("{FAE04EC0-301F-11D3-BF4B-00C04F79EFBC}") = "Contratacao.Enumerations", "src\Contratacao\Contratacao.Enumerations\Contratacao.Enumerations.csproj", "{54940CCC-3EBC-E1F9-0502-073339305243}"
EndProject
Project("{FAE04EC0-301F-11D3-BF4B-00C04F79EFBC}") = "Contratacao.Infra.Data", "src\Contratacao\Contratacao.Infra.Data\Contratacao.Infra.Data.csproj", "{73747974-DCC6-F331-FDB8-93082EBD735D}"
EndProject
Project("{FAE04EC0-301F-11D3-BF4B-00C04F79EFBC}") = "Contratacao.Infra.IoC", "src\Contratacao\Contratacao.Infra.IoC\Contratacao.Infra.IoC.csproj", "{6BD79AC5-A619-9108-7B65-3D1FE38FD60B}"
EndProject
Project("{2150E333-8FDC-42A3-9474-1A3956D46DE8}") = "Contratacao", "Contratacao", "{3E6B00AF-D523-46C6-BAAF-B4A1B7BA777C}"
EndProject
Project("{FAE04EC0-301F-11D3-BF4B-00C04F79EFBC}") = "Users.Api", "src\Users\Users.Api\Users.Api.csproj", "{D83F8BD1-F91C-870B-B06E-D9B19C6A137D}"
EndProject
Project("{FAE04EC0-301F-11D3-BF4B-00C04F79EFBC}") = "Users.Api.Queries", "src\Users\Users.Api.Queries\Users.Api.Queries.csproj", "{31C62EFC-8363-D963-F564-64A90C825D69}"
EndProject
Project("{FAE04EC0-301F-11D3-BF4B-00C04F79EFBC}") = "Users.Application", "src\Users\Users.Application\Users.Application.csproj", "{58CE3717-FAD1-B255-90F3-3B7E3EA506B7}"
EndProject
Project("{FAE04EC0-301F-11D3-BF4B-00C04F79EFBC}") = "Users.Application.DTO", "src\Users\Users.Application.DTO\Users.Application.DTO.csproj", "{77DD14CD-8E4B-48E2-DAE1-F1A143815610}"
EndProject
Project("{FAE04EC0-301F-11D3-BF4B-00C04F79EFBC}") = "Users.Domain", "src\Users\Users.Domain\Users.Domain.csproj", "{870A5587-028E-A088-0143-500C53112A75}"
EndProject
Project("{FAE04EC0-301F-11D3-BF4B-00C04F79EFBC}") = "Users.Enumerations", "src\Users\Users.Enumerations\Users.Enumerations.csproj", "{82F069B3-40B2-AE60-D9A6-365175C6D04C}"
EndProject
Project("{FAE04EC0-301F-11D3-BF4B-00C04F79EFBC}") = "Users.Infra.Data", "src\Users\Users.Infra.Data\Users.Infra.Data.csproj", "{EB540FA8-E099-9539-1D5C-403B5251FDF7}"
EndProject
Project("{FAE04EC0-301F-11D3-BF4B-00C04F79EFBC}") = "Users.Infra.IoC", "src\Users\Users.Infra.IoC\Users.Infra.IoC.csproj", "{405A97F9-E701-8F9F-1406-2F90710E2419}"
EndProject
Project("{2150E333-8FDC-42A3-9474-1A3956D46DE8}") = "Users", "Users", "{62185C28-4197-40BB-88D0-771DFECAAF9A}"
EndProject
Project("{FAE04EC0-301F-11D3-BF4B-00C04F79EFBC}") = "Users.Identity", "src\Users\Users.Identity\Users.Identity.csproj", "{170A4FB9-543D-9CC3-031A-7AAC6B171227}"
EndProject
Project("{2150E333-8FDC-42A3-9474-1A3956D46DE8}") = "_Tests", "_Tests", "{27BA7BC4-30E0-47BF-8AA5-8A438139606C}"
EndProject
Project("{FAE04EC0-301F-11D3-BF4B-00C04F79EFBC}") = "FunctionalTests", "tests\FunctionalTests\FunctionalTests.csproj", "{6479DDAA-FF42-6E65-6FCB-B12EF8EBD2E3}"
EndProject
Project("{2150E333-8FDC-42A3-9474-1A3956D46DE8}") = "Solution Items", "Solution Items", "{FF27F9A3-96E3-4735-A405-BF1FC7EFC7B0}"
	ProjectSection(SolutionItems) = preProject
		docker-compose.yaml = docker-compose.yaml
		README.md = README.md
	EndProjectSection
EndProject
Global
	GlobalSection(SolutionConfigurationPlatforms) = preSolution
		Debug|Any CPU = Debug|Any CPU
		Debug|x86 = Debug|x86
		Release|Any CPU = Release|Any CPU
		Release|x86 = Release|x86
	EndGlobalSection
	GlobalSection(ProjectConfigurationPlatforms) = postSolution
		{1280B712-9AC5-427F-824C-3E5A1106BF56}.Debug|Any CPU.ActiveCfg = Debug|Any CPU
		{1280B712-9AC5-427F-824C-3E5A1106BF56}.Debug|Any CPU.Build.0 = Debug|Any CPU
		{1280B712-9AC5-427F-824C-3E5A1106BF56}.Debug|x86.ActiveCfg = Debug|Any CPU
		{1280B712-9AC5-427F-824C-3E5A1106BF56}.Debug|x86.Build.0 = Debug|Any CPU
		{1280B712-9AC5-427F-824C-3E5A1106BF56}.Release|Any CPU.ActiveCfg = Release|Any CPU
		{1280B712-9AC5-427F-824C-3E5A1106BF56}.Release|Any CPU.Build.0 = Release|Any CPU
		{1280B712-9AC5-427F-824C-3E5A1106BF56}.Release|x86.ActiveCfg = Release|Any CPU
		{1280B712-9AC5-427F-824C-3E5A1106BF56}.Release|x86.Build.0 = Release|Any CPU
		{80CC3AF3-6252-4508-AFCA-C764C2D9D285}.Debug|Any CPU.ActiveCfg = Debug|Any CPU
		{80CC3AF3-6252-4508-AFCA-C764C2D9D285}.Debug|Any CPU.Build.0 = Debug|Any CPU
		{80CC3AF3-6252-4508-AFCA-C764C2D9D285}.Debug|x86.ActiveCfg = Debug|Any CPU
		{80CC3AF3-6252-4508-AFCA-C764C2D9D285}.Debug|x86.Build.0 = Debug|Any CPU
		{80CC3AF3-6252-4508-AFCA-C764C2D9D285}.Release|Any CPU.ActiveCfg = Release|Any CPU
		{80CC3AF3-6252-4508-AFCA-C764C2D9D285}.Release|Any CPU.Build.0 = Release|Any CPU
		{80CC3AF3-6252-4508-AFCA-C764C2D9D285}.Release|x86.ActiveCfg = Release|Any CPU
		{80CC3AF3-6252-4508-AFCA-C764C2D9D285}.Release|x86.Build.0 = Release|Any CPU
		{2A7B5724-FB33-4155-BA50-35E8C665C291}.Debug|Any CPU.ActiveCfg = Debug|Any CPU
		{2A7B5724-FB33-4155-BA50-35E8C665C291}.Debug|Any CPU.Build.0 = Debug|Any CPU
		{2A7B5724-FB33-4155-BA50-35E8C665C291}.Debug|x86.ActiveCfg = Debug|Any CPU
		{2A7B5724-FB33-4155-BA50-35E8C665C291}.Debug|x86.Build.0 = Debug|Any CPU
		{2A7B5724-FB33-4155-BA50-35E8C665C291}.Release|Any CPU.ActiveCfg = Release|Any CPU
		{2A7B5724-FB33-4155-BA50-35E8C665C291}.Release|Any CPU.Build.0 = Release|Any CPU
		{2A7B5724-FB33-4155-BA50-35E8C665C291}.Release|x86.ActiveCfg = Release|Any CPU
		{2A7B5724-FB33-4155-BA50-35E8C665C291}.Release|x86.Build.0 = Release|Any CPU
		{1B39F4D4-2343-4A54-BC7D-2DF400B4C75E}.Debug|Any CPU.ActiveCfg = Debug|Any CPU
		{1B39F4D4-2343-4A54-BC7D-2DF400B4C75E}.Debug|Any CPU.Build.0 = Debug|Any CPU
		{1B39F4D4-2343-4A54-BC7D-2DF400B4C75E}.Debug|x86.ActiveCfg = Debug|Any CPU
		{1B39F4D4-2343-4A54-BC7D-2DF400B4C75E}.Debug|x86.Build.0 = Debug|Any CPU
		{1B39F4D4-2343-4A54-BC7D-2DF400B4C75E}.Release|Any CPU.ActiveCfg = Release|Any CPU
		{1B39F4D4-2343-4A54-BC7D-2DF400B4C75E}.Release|Any CPU.Build.0 = Release|Any CPU
		{1B39F4D4-2343-4A54-BC7D-2DF400B4C75E}.Release|x86.ActiveCfg = Release|Any CPU
		{1B39F4D4-2343-4A54-BC7D-2DF400B4C75E}.Release|x86.Build.0 = Release|Any CPU
		{8D7B1732-783D-4C2E-BFE3-50EA71F8E94C}.Debug|Any CPU.ActiveCfg = Debug|Any CPU
		{8D7B1732-783D-4C2E-BFE3-50EA71F8E94C}.Debug|Any CPU.Build.0 = Debug|Any CPU
		{8D7B1732-783D-4C2E-BFE3-50EA71F8E94C}.Debug|x86.ActiveCfg = Debug|Any CPU
		{8D7B1732-783D-4C2E-BFE3-50EA71F8E94C}.Debug|x86.Build.0 = Debug|Any CPU
		{8D7B1732-783D-4C2E-BFE3-50EA71F8E94C}.Release|Any CPU.ActiveCfg = Release|Any CPU
		{8D7B1732-783D-4C2E-BFE3-50EA71F8E94C}.Release|Any CPU.Build.0 = Release|Any CPU
		{8D7B1732-783D-4C2E-BFE3-50EA71F8E94C}.Release|x86.ActiveCfg = Release|Any CPU
		{8D7B1732-783D-4C2E-BFE3-50EA71F8E94C}.Release|x86.Build.0 = Release|Any CPU
		{4B5C619C-1571-4896-AB52-89A92CDC718D}.Debug|Any CPU.ActiveCfg = Debug|Any CPU
		{4B5C619C-1571-4896-AB52-89A92CDC718D}.Debug|Any CPU.Build.0 = Debug|Any CPU
		{4B5C619C-1571-4896-AB52-89A92CDC718D}.Debug|x86.ActiveCfg = Debug|Any CPU
		{4B5C619C-1571-4896-AB52-89A92CDC718D}.Debug|x86.Build.0 = Debug|Any CPU
		{4B5C619C-1571-4896-AB52-89A92CDC718D}.Release|Any CPU.ActiveCfg = Release|Any CPU
		{4B5C619C-1571-4896-AB52-89A92CDC718D}.Release|Any CPU.Build.0 = Release|Any CPU
		{4B5C619C-1571-4896-AB52-89A92CDC718D}.Release|x86.ActiveCfg = Release|Any CPU
		{4B5C619C-1571-4896-AB52-89A92CDC718D}.Release|x86.Build.0 = Release|Any CPU
		{B5506FB1-8969-47F4-B9A1-BBDE648436CD}.Debug|Any CPU.ActiveCfg = Debug|Any CPU
		{B5506FB1-8969-47F4-B9A1-BBDE648436CD}.Debug|Any CPU.Build.0 = Debug|Any CPU
		{B5506FB1-8969-47F4-B9A1-BBDE648436CD}.Debug|x86.ActiveCfg = Debug|Any CPU
		{B5506FB1-8969-47F4-B9A1-BBDE648436CD}.Debug|x86.Build.0 = Debug|Any CPU
		{B5506FB1-8969-47F4-B9A1-BBDE648436CD}.Release|Any CPU.ActiveCfg = Release|Any CPU
		{B5506FB1-8969-47F4-B9A1-BBDE648436CD}.Release|Any CPU.Build.0 = Release|Any CPU
		{B5506FB1-8969-47F4-B9A1-BBDE648436CD}.Release|x86.ActiveCfg = Release|Any CPU
		{B5506FB1-8969-47F4-B9A1-BBDE648436CD}.Release|x86.Build.0 = Release|Any CPU
		{844935A8-630B-474A-A626-07006FADCAF1}.Debug|Any CPU.ActiveCfg = Debug|Any CPU
		{844935A8-630B-474A-A626-07006FADCAF1}.Debug|Any CPU.Build.0 = Debug|Any CPU
		{844935A8-630B-474A-A626-07006FADCAF1}.Debug|x86.ActiveCfg = Debug|Any CPU
		{844935A8-630B-474A-A626-07006FADCAF1}.Debug|x86.Build.0 = Debug|Any CPU
		{844935A8-630B-474A-A626-07006FADCAF1}.Release|Any CPU.ActiveCfg = Release|Any CPU
		{844935A8-630B-474A-A626-07006FADCAF1}.Release|Any CPU.Build.0 = Release|Any CPU
		{844935A8-630B-474A-A626-07006FADCAF1}.Release|x86.ActiveCfg = Release|Any CPU
		{844935A8-630B-474A-A626-07006FADCAF1}.Release|x86.Build.0 = Release|Any CPU
		{67CC1E80-001B-49A4-88EF-40447C6EC18B}.Debug|Any CPU.ActiveCfg = Debug|Any CPU
		{67CC1E80-001B-49A4-88EF-40447C6EC18B}.Debug|Any CPU.Build.0 = Debug|Any CPU
		{67CC1E80-001B-49A4-88EF-40447C6EC18B}.Debug|x86.ActiveCfg = Debug|Any CPU
		{67CC1E80-001B-49A4-88EF-40447C6EC18B}.Debug|x86.Build.0 = Debug|Any CPU
		{67CC1E80-001B-49A4-88EF-40447C6EC18B}.Release|Any CPU.ActiveCfg = Release|Any CPU
		{67CC1E80-001B-49A4-88EF-40447C6EC18B}.Release|Any CPU.Build.0 = Release|Any CPU
		{67CC1E80-001B-49A4-88EF-40447C6EC18B}.Release|x86.ActiveCfg = Release|Any CPU
		{67CC1E80-001B-49A4-88EF-40447C6EC18B}.Release|x86.Build.0 = Release|Any CPU
		{4E6F9259-99F8-1080-204A-C5999E36E43D}.Debug|Any CPU.ActiveCfg = Debug|Any CPU
		{4E6F9259-99F8-1080-204A-C5999E36E43D}.Debug|Any CPU.Build.0 = Debug|Any CPU
		{4E6F9259-99F8-1080-204A-C5999E36E43D}.Debug|x86.ActiveCfg = Debug|Any CPU
		{4E6F9259-99F8-1080-204A-C5999E36E43D}.Debug|x86.Build.0 = Debug|Any CPU
		{4E6F9259-99F8-1080-204A-C5999E36E43D}.Release|Any CPU.ActiveCfg = Release|Any CPU
		{4E6F9259-99F8-1080-204A-C5999E36E43D}.Release|Any CPU.Build.0 = Release|Any CPU
		{4E6F9259-99F8-1080-204A-C5999E36E43D}.Release|x86.ActiveCfg = Release|Any CPU
		{4E6F9259-99F8-1080-204A-C5999E36E43D}.Release|x86.Build.0 = Release|Any CPU
		{2C269A05-8E37-FAF3-9A73-3D9926325F26}.Debug|Any CPU.ActiveCfg = Debug|Any CPU
		{2C269A05-8E37-FAF3-9A73-3D9926325F26}.Debug|Any CPU.Build.0 = Debug|Any CPU
		{2C269A05-8E37-FAF3-9A73-3D9926325F26}.Debug|x86.ActiveCfg = Debug|Any CPU
		{2C269A05-8E37-FAF3-9A73-3D9926325F26}.Debug|x86.Build.0 = Debug|Any CPU
		{2C269A05-8E37-FAF3-9A73-3D9926325F26}.Release|Any CPU.ActiveCfg = Release|Any CPU
		{2C269A05-8E37-FAF3-9A73-3D9926325F26}.Release|Any CPU.Build.0 = Release|Any CPU
		{2C269A05-8E37-FAF3-9A73-3D9926325F26}.Release|x86.ActiveCfg = Release|Any CPU
		{2C269A05-8E37-FAF3-9A73-3D9926325F26}.Release|x86.Build.0 = Release|Any CPU
		{FDC61138-18EB-5FD4-0288-3BF149AB15FE}.Debug|Any CPU.ActiveCfg = Debug|Any CPU
		{FDC61138-18EB-5FD4-0288-3BF149AB15FE}.Debug|Any CPU.Build.0 = Debug|Any CPU
		{FDC61138-18EB-5FD4-0288-3BF149AB15FE}.Debug|x86.ActiveCfg = Debug|Any CPU
		{FDC61138-18EB-5FD4-0288-3BF149AB15FE}.Debug|x86.Build.0 = Debug|Any CPU
		{FDC61138-18EB-5FD4-0288-3BF149AB15FE}.Release|Any CPU.ActiveCfg = Release|Any CPU
		{FDC61138-18EB-5FD4-0288-3BF149AB15FE}.Release|Any CPU.Build.0 = Release|Any CPU
		{FDC61138-18EB-5FD4-0288-3BF149AB15FE}.Release|x86.ActiveCfg = Release|Any CPU
		{FDC61138-18EB-5FD4-0288-3BF149AB15FE}.Release|x86.Build.0 = Release|Any CPU
		{889938E6-4E4D-9F9F-5ABE-1F329B8B0235}.Debug|Any CPU.ActiveCfg = Debug|Any CPU
		{889938E6-4E4D-9F9F-5ABE-1F329B8B0235}.Debug|Any CPU.Build.0 = Debug|Any CPU
		{889938E6-4E4D-9F9F-5ABE-1F329B8B0235}.Debug|x86.ActiveCfg = Debug|Any CPU
		{889938E6-4E4D-9F9F-5ABE-1F329B8B0235}.Debug|x86.Build.0 = Debug|Any CPU
		{889938E6-4E4D-9F9F-5ABE-1F329B8B0235}.Release|Any CPU.ActiveCfg = Release|Any CPU
		{889938E6-4E4D-9F9F-5ABE-1F329B8B0235}.Release|Any CPU.Build.0 = Release|Any CPU
		{889938E6-4E4D-9F9F-5ABE-1F329B8B0235}.Release|x86.ActiveCfg = Release|Any CPU
		{889938E6-4E4D-9F9F-5ABE-1F329B8B0235}.Release|x86.Build.0 = Release|Any CPU
		{838605B8-5766-57B6-2857-30131DB8EDDB}.Debug|Any CPU.ActiveCfg = Debug|Any CPU
		{838605B8-5766-57B6-2857-30131DB8EDDB}.Debug|Any CPU.Build.0 = Debug|Any CPU
		{838605B8-5766-57B6-2857-30131DB8EDDB}.Debug|x86.ActiveCfg = Debug|Any CPU
		{838605B8-5766-57B6-2857-30131DB8EDDB}.Debug|x86.Build.0 = Debug|Any CPU
		{838605B8-5766-57B6-2857-30131DB8EDDB}.Release|Any CPU.ActiveCfg = Release|Any CPU
		{838605B8-5766-57B6-2857-30131DB8EDDB}.Release|Any CPU.Build.0 = Release|Any CPU
		{838605B8-5766-57B6-2857-30131DB8EDDB}.Release|x86.ActiveCfg = Release|Any CPU
		{838605B8-5766-57B6-2857-30131DB8EDDB}.Release|x86.Build.0 = Release|Any CPU
		{9BA1C9A2-D26E-EA36-55B1-101FDAA72E53}.Debug|Any CPU.ActiveCfg = Debug|Any CPU
		{9BA1C9A2-D26E-EA36-55B1-101FDAA72E53}.Debug|Any CPU.Build.0 = Debug|Any CPU
		{9BA1C9A2-D26E-EA36-55B1-101FDAA72E53}.Debug|x86.ActiveCfg = Debug|Any CPU
		{9BA1C9A2-D26E-EA36-55B1-101FDAA72E53}.Debug|x86.Build.0 = Debug|Any CPU
		{9BA1C9A2-D26E-EA36-55B1-101FDAA72E53}.Release|Any CPU.ActiveCfg = Release|Any CPU
		{9BA1C9A2-D26E-EA36-55B1-101FDAA72E53}.Release|Any CPU.Build.0 = Release|Any CPU
		{9BA1C9A2-D26E-EA36-55B1-101FDAA72E53}.Release|x86.ActiveCfg = Release|Any CPU
		{9BA1C9A2-D26E-EA36-55B1-101FDAA72E53}.Release|x86.Build.0 = Release|Any CPU
		{65405D9A-7BB6-1840-3469-DB1F45B8B6A0}.Debug|Any CPU.ActiveCfg = Debug|Any CPU
		{65405D9A-7BB6-1840-3469-DB1F45B8B6A0}.Debug|Any CPU.Build.0 = Debug|Any CPU
		{65405D9A-7BB6-1840-3469-DB1F45B8B6A0}.Debug|x86.ActiveCfg = Debug|Any CPU
		{65405D9A-7BB6-1840-3469-DB1F45B8B6A0}.Debug|x86.Build.0 = Debug|Any CPU
		{65405D9A-7BB6-1840-3469-DB1F45B8B6A0}.Release|Any CPU.ActiveCfg = Release|Any CPU
		{65405D9A-7BB6-1840-3469-DB1F45B8B6A0}.Release|Any CPU.Build.0 = Release|Any CPU
		{65405D9A-7BB6-1840-3469-DB1F45B8B6A0}.Release|x86.ActiveCfg = Release|Any CPU
		{65405D9A-7BB6-1840-3469-DB1F45B8B6A0}.Release|x86.Build.0 = Release|Any CPU
		{BD2A2075-2CC0-5D58-27D1-FF5D5471254A}.Debug|Any CPU.ActiveCfg = Debug|Any CPU
		{BD2A2075-2CC0-5D58-27D1-FF5D5471254A}.Debug|Any CPU.Build.0 = Debug|Any CPU
		{BD2A2075-2CC0-5D58-27D1-FF5D5471254A}.Debug|x86.ActiveCfg = Debug|Any CPU
		{BD2A2075-2CC0-5D58-27D1-FF5D5471254A}.Debug|x86.Build.0 = Debug|Any CPU
		{BD2A2075-2CC0-5D58-27D1-FF5D5471254A}.Release|Any CPU.ActiveCfg = Release|Any CPU
		{BD2A2075-2CC0-5D58-27D1-FF5D5471254A}.Release|Any CPU.Build.0 = Release|Any CPU
		{BD2A2075-2CC0-5D58-27D1-FF5D5471254A}.Release|x86.ActiveCfg = Release|Any CPU
		{BD2A2075-2CC0-5D58-27D1-FF5D5471254A}.Release|x86.Build.0 = Release|Any CPU
		{49C002FF-7649-B1BF-2642-E5897B76B030}.Debug|Any CPU.ActiveCfg = Debug|Any CPU
		{49C002FF-7649-B1BF-2642-E5897B76B030}.Debug|Any CPU.Build.0 = Debug|Any CPU
		{49C002FF-7649-B1BF-2642-E5897B76B030}.Debug|x86.ActiveCfg = Debug|Any CPU
		{49C002FF-7649-B1BF-2642-E5897B76B030}.Debug|x86.Build.0 = Debug|Any CPU
		{49C002FF-7649-B1BF-2642-E5897B76B030}.Release|Any CPU.ActiveCfg = Release|Any CPU
		{49C002FF-7649-B1BF-2642-E5897B76B030}.Release|Any CPU.Build.0 = Release|Any CPU
		{49C002FF-7649-B1BF-2642-E5897B76B030}.Release|x86.ActiveCfg = Release|Any CPU
		{49C002FF-7649-B1BF-2642-E5897B76B030}.Release|x86.Build.0 = Release|Any CPU
		{DA5464DF-55E1-D97D-D18E-CD874888B9A3}.Debug|Any CPU.ActiveCfg = Debug|Any CPU
		{DA5464DF-55E1-D97D-D18E-CD874888B9A3}.Debug|Any CPU.Build.0 = Debug|Any CPU
		{DA5464DF-55E1-D97D-D18E-CD874888B9A3}.Debug|x86.ActiveCfg = Debug|Any CPU
		{DA5464DF-55E1-D97D-D18E-CD874888B9A3}.Debug|x86.Build.0 = Debug|Any CPU
		{DA5464DF-55E1-D97D-D18E-CD874888B9A3}.Release|Any CPU.ActiveCfg = Release|Any CPU
		{DA5464DF-55E1-D97D-D18E-CD874888B9A3}.Release|Any CPU.Build.0 = Release|Any CPU
		{DA5464DF-55E1-D97D-D18E-CD874888B9A3}.Release|x86.ActiveCfg = Release|Any CPU
		{DA5464DF-55E1-D97D-D18E-CD874888B9A3}.Release|x86.Build.0 = Release|Any CPU
		{F9C70D30-30C5-6CD3-57F0-233932C4F222}.Debug|Any CPU.ActiveCfg = Debug|Any CPU
		{F9C70D30-30C5-6CD3-57F0-233932C4F222}.Debug|Any CPU.Build.0 = Debug|Any CPU
		{F9C70D30-30C5-6CD3-57F0-233932C4F222}.Debug|x86.ActiveCfg = Debug|Any CPU
		{F9C70D30-30C5-6CD3-57F0-233932C4F222}.Debug|x86.Build.0 = Debug|Any CPU
		{F9C70D30-30C5-6CD3-57F0-233932C4F222}.Release|Any CPU.ActiveCfg = Release|Any CPU
		{F9C70D30-30C5-6CD3-57F0-233932C4F222}.Release|Any CPU.Build.0 = Release|Any CPU
		{F9C70D30-30C5-6CD3-57F0-233932C4F222}.Release|x86.ActiveCfg = Release|Any CPU
		{F9C70D30-30C5-6CD3-57F0-233932C4F222}.Release|x86.Build.0 = Release|Any CPU
		{E0715B78-72F1-B01B-0220-957E7FB526E5}.Debug|Any CPU.ActiveCfg = Debug|Any CPU
		{E0715B78-72F1-B01B-0220-957E7FB526E5}.Debug|Any CPU.Build.0 = Debug|Any CPU
		{E0715B78-72F1-B01B-0220-957E7FB526E5}.Debug|x86.ActiveCfg = Debug|Any CPU
		{E0715B78-72F1-B01B-0220-957E7FB526E5}.Debug|x86.Build.0 = Debug|Any CPU
		{E0715B78-72F1-B01B-0220-957E7FB526E5}.Release|Any CPU.ActiveCfg = Release|Any CPU
		{E0715B78-72F1-B01B-0220-957E7FB526E5}.Release|Any CPU.Build.0 = Release|Any CPU
		{E0715B78-72F1-B01B-0220-957E7FB526E5}.Release|x86.ActiveCfg = Release|Any CPU
		{E0715B78-72F1-B01B-0220-957E7FB526E5}.Release|x86.Build.0 = Release|Any CPU
		{8588F0CD-83EB-87CF-CD4A-1718411BDC76}.Debug|Any CPU.ActiveCfg = Debug|Any CPU
		{8588F0CD-83EB-87CF-CD4A-1718411BDC76}.Debug|Any CPU.Build.0 = Debug|Any CPU
		{8588F0CD-83EB-87CF-CD4A-1718411BDC76}.Debug|x86.ActiveCfg = Debug|Any CPU
		{8588F0CD-83EB-87CF-CD4A-1718411BDC76}.Debug|x86.Build.0 = Debug|Any CPU
		{8588F0CD-83EB-87CF-CD4A-1718411BDC76}.Release|Any CPU.ActiveCfg = Release|Any CPU
		{8588F0CD-83EB-87CF-CD4A-1718411BDC76}.Release|Any CPU.Build.0 = Release|Any CPU
		{8588F0CD-83EB-87CF-CD4A-1718411BDC76}.Release|x86.ActiveCfg = Release|Any CPU
		{8588F0CD-83EB-87CF-CD4A-1718411BDC76}.Release|x86.Build.0 = Release|Any CPU
		{54940CCC-3EBC-E1F9-0502-073339305243}.Debug|Any CPU.ActiveCfg = Debug|Any CPU
		{54940CCC-3EBC-E1F9-0502-073339305243}.Debug|Any CPU.Build.0 = Debug|Any CPU
		{54940CCC-3EBC-E1F9-0502-073339305243}.Debug|x86.ActiveCfg = Debug|Any CPU
		{54940CCC-3EBC-E1F9-0502-073339305243}.Debug|x86.Build.0 = Debug|Any CPU
		{54940CCC-3EBC-E1F9-0502-073339305243}.Release|Any CPU.ActiveCfg = Release|Any CPU
		{54940CCC-3EBC-E1F9-0502-073339305243}.Release|Any CPU.Build.0 = Release|Any CPU
		{54940CCC-3EBC-E1F9-0502-073339305243}.Release|x86.ActiveCfg = Release|Any CPU
		{54940CCC-3EBC-E1F9-0502-073339305243}.Release|x86.Build.0 = Release|Any CPU
		{73747974-DCC6-F331-FDB8-93082EBD735D}.Debug|Any CPU.ActiveCfg = Debug|Any CPU
		{73747974-DCC6-F331-FDB8-93082EBD735D}.Debug|Any CPU.Build.0 = Debug|Any CPU
		{73747974-DCC6-F331-FDB8-93082EBD735D}.Debug|x86.ActiveCfg = Debug|Any CPU
		{73747974-DCC6-F331-FDB8-93082EBD735D}.Debug|x86.Build.0 = Debug|Any CPU
		{73747974-DCC6-F331-FDB8-93082EBD735D}.Release|Any CPU.ActiveCfg = Release|Any CPU
		{73747974-DCC6-F331-FDB8-93082EBD735D}.Release|Any CPU.Build.0 = Release|Any CPU
		{73747974-DCC6-F331-FDB8-93082EBD735D}.Release|x86.ActiveCfg = Release|Any CPU
		{73747974-DCC6-F331-FDB8-93082EBD735D}.Release|x86.Build.0 = Release|Any CPU
		{6BD79AC5-A619-9108-7B65-3D1FE38FD60B}.Debug|Any CPU.ActiveCfg = Debug|Any CPU
		{6BD79AC5-A619-9108-7B65-3D1FE38FD60B}.Debug|Any CPU.Build.0 = Debug|Any CPU
		{6BD79AC5-A619-9108-7B65-3D1FE38FD60B}.Debug|x86.ActiveCfg = Debug|Any CPU
		{6BD79AC5-A619-9108-7B65-3D1FE38FD60B}.Debug|x86.Build.0 = Debug|Any CPU
		{6BD79AC5-A619-9108-7B65-3D1FE38FD60B}.Release|Any CPU.ActiveCfg = Release|Any CPU
		{6BD79AC5-A619-9108-7B65-3D1FE38FD60B}.Release|Any CPU.Build.0 = Release|Any CPU
		{6BD79AC5-A619-9108-7B65-3D1FE38FD60B}.Release|x86.ActiveCfg = Release|Any CPU
		{6BD79AC5-A619-9108-7B65-3D1FE38FD60B}.Release|x86.Build.0 = Release|Any CPU
		{D83F8BD1-F91C-870B-B06E-D9B19C6A137D}.Debug|Any CPU.ActiveCfg = Debug|Any CPU
		{D83F8BD1-F91C-870B-B06E-D9B19C6A137D}.Debug|Any CPU.Build.0 = Debug|Any CPU
		{D83F8BD1-F91C-870B-B06E-D9B19C6A137D}.Debug|x86.ActiveCfg = Debug|Any CPU
		{D83F8BD1-F91C-870B-B06E-D9B19C6A137D}.Debug|x86.Build.0 = Debug|Any CPU
		{D83F8BD1-F91C-870B-B06E-D9B19C6A137D}.Release|Any CPU.ActiveCfg = Release|Any CPU
		{D83F8BD1-F91C-870B-B06E-D9B19C6A137D}.Release|Any CPU.Build.0 = Release|Any CPU
		{D83F8BD1-F91C-870B-B06E-D9B19C6A137D}.Release|x86.ActiveCfg = Release|Any CPU
		{D83F8BD1-F91C-870B-B06E-D9B19C6A137D}.Release|x86.Build.0 = Release|Any CPU
		{31C62EFC-8363-D963-F564-64A90C825D69}.Debug|Any CPU.ActiveCfg = Debug|Any CPU
		{31C62EFC-8363-D963-F564-64A90C825D69}.Debug|Any CPU.Build.0 = Debug|Any CPU
		{31C62EFC-8363-D963-F564-64A90C825D69}.Debug|x86.ActiveCfg = Debug|Any CPU
		{31C62EFC-8363-D963-F564-64A90C825D69}.Debug|x86.Build.0 = Debug|Any CPU
		{31C62EFC-8363-D963-F564-64A90C825D69}.Release|Any CPU.ActiveCfg = Release|Any CPU
		{31C62EFC-8363-D963-F564-64A90C825D69}.Release|Any CPU.Build.0 = Release|Any CPU
		{31C62EFC-8363-D963-F564-64A90C825D69}.Release|x86.ActiveCfg = Release|Any CPU
		{31C62EFC-8363-D963-F564-64A90C825D69}.Release|x86.Build.0 = Release|Any CPU
		{58CE3717-FAD1-B255-90F3-3B7E3EA506B7}.Debug|Any CPU.ActiveCfg = Debug|Any CPU
		{58CE3717-FAD1-B255-90F3-3B7E3EA506B7}.Debug|Any CPU.Build.0 = Debug|Any CPU
		{58CE3717-FAD1-B255-90F3-3B7E3EA506B7}.Debug|x86.ActiveCfg = Debug|Any CPU
		{58CE3717-FAD1-B255-90F3-3B7E3EA506B7}.Debug|x86.Build.0 = Debug|Any CPU
		{58CE3717-FAD1-B255-90F3-3B7E3EA506B7}.Release|Any CPU.ActiveCfg = Release|Any CPU
		{58CE3717-FAD1-B255-90F3-3B7E3EA506B7}.Release|Any CPU.Build.0 = Release|Any CPU
		{58CE3717-FAD1-B255-90F3-3B7E3EA506B7}.Release|x86.ActiveCfg = Release|Any CPU
		{58CE3717-FAD1-B255-90F3-3B7E3EA506B7}.Release|x86.Build.0 = Release|Any CPU
		{77DD14CD-8E4B-48E2-DAE1-F1A143815610}.Debug|Any CPU.ActiveCfg = Debug|Any CPU
		{77DD14CD-8E4B-48E2-DAE1-F1A143815610}.Debug|Any CPU.Build.0 = Debug|Any CPU
		{77DD14CD-8E4B-48E2-DAE1-F1A143815610}.Debug|x86.ActiveCfg = Debug|Any CPU
		{77DD14CD-8E4B-48E2-DAE1-F1A143815610}.Debug|x86.Build.0 = Debug|Any CPU
		{77DD14CD-8E4B-48E2-DAE1-F1A143815610}.Release|Any CPU.ActiveCfg = Release|Any CPU
		{77DD14CD-8E4B-48E2-DAE1-F1A143815610}.Release|Any CPU.Build.0 = Release|Any CPU
		{77DD14CD-8E4B-48E2-DAE1-F1A143815610}.Release|x86.ActiveCfg = Release|Any CPU
		{77DD14CD-8E4B-48E2-DAE1-F1A143815610}.Release|x86.Build.0 = Release|Any CPU
		{870A5587-028E-A088-0143-500C53112A75}.Debug|Any CPU.ActiveCfg = Debug|Any CPU
		{870A5587-028E-A088-0143-500C53112A75}.Debug|Any CPU.Build.0 = Debug|Any CPU
		{870A5587-028E-A088-0143-500C53112A75}.Debug|x86.ActiveCfg = Debug|Any CPU
		{870A5587-028E-A088-0143-500C53112A75}.Debug|x86.Build.0 = Debug|Any CPU
		{870A5587-028E-A088-0143-500C53112A75}.Release|Any CPU.ActiveCfg = Release|Any CPU
		{870A5587-028E-A088-0143-500C53112A75}.Release|Any CPU.Build.0 = Release|Any CPU
		{870A5587-028E-A088-0143-500C53112A75}.Release|x86.ActiveCfg = Release|Any CPU
		{870A5587-028E-A088-0143-500C53112A75}.Release|x86.Build.0 = Release|Any CPU
		{82F069B3-40B2-AE60-D9A6-365175C6D04C}.Debug|Any CPU.ActiveCfg = Debug|Any CPU
		{82F069B3-40B2-AE60-D9A6-365175C6D04C}.Debug|Any CPU.Build.0 = Debug|Any CPU
		{82F069B3-40B2-AE60-D9A6-365175C6D04C}.Debug|x86.ActiveCfg = Debug|Any CPU
		{82F069B3-40B2-AE60-D9A6-365175C6D04C}.Debug|x86.Build.0 = Debug|Any CPU
		{82F069B3-40B2-AE60-D9A6-365175C6D04C}.Release|Any CPU.ActiveCfg = Release|Any CPU
		{82F069B3-40B2-AE60-D9A6-365175C6D04C}.Release|Any CPU.Build.0 = Release|Any CPU
		{82F069B3-40B2-AE60-D9A6-365175C6D04C}.Release|x86.ActiveCfg = Release|Any CPU
		{82F069B3-40B2-AE60-D9A6-365175C6D04C}.Release|x86.Build.0 = Release|Any CPU
		{EB540FA8-E099-9539-1D5C-403B5251FDF7}.Debug|Any CPU.ActiveCfg = Debug|Any CPU
		{EB540FA8-E099-9539-1D5C-403B5251FDF7}.Debug|Any CPU.Build.0 = Debug|Any CPU
		{EB540FA8-E099-9539-1D5C-403B5251FDF7}.Debug|x86.ActiveCfg = Debug|Any CPU
		{EB540FA8-E099-9539-1D5C-403B5251FDF7}.Debug|x86.Build.0 = Debug|Any CPU
		{EB540FA8-E099-9539-1D5C-403B5251FDF7}.Release|Any CPU.ActiveCfg = Release|Any CPU
		{EB540FA8-E099-9539-1D5C-403B5251FDF7}.Release|Any CPU.Build.0 = Release|Any CPU
		{EB540FA8-E099-9539-1D5C-403B5251FDF7}.Release|x86.ActiveCfg = Release|Any CPU
		{EB540FA8-E099-9539-1D5C-403B5251FDF7}.Release|x86.Build.0 = Release|Any CPU
		{405A97F9-E701-8F9F-1406-2F90710E2419}.Debug|Any CPU.ActiveCfg = Debug|Any CPU
		{405A97F9-E701-8F9F-1406-2F90710E2419}.Debug|Any CPU.Build.0 = Debug|Any CPU
		{405A97F9-E701-8F9F-1406-2F90710E2419}.Debug|x86.ActiveCfg = Debug|Any CPU
		{405A97F9-E701-8F9F-1406-2F90710E2419}.Debug|x86.Build.0 = Debug|Any CPU
		{405A97F9-E701-8F9F-1406-2F90710E2419}.Release|Any CPU.ActiveCfg = Release|Any CPU
		{405A97F9-E701-8F9F-1406-2F90710E2419}.Release|Any CPU.Build.0 = Release|Any CPU
		{405A97F9-E701-8F9F-1406-2F90710E2419}.Release|x86.ActiveCfg = Release|Any CPU
		{405A97F9-E701-8F9F-1406-2F90710E2419}.Release|x86.Build.0 = Release|Any CPU
		{170A4FB9-543D-9CC3-031A-7AAC6B171227}.Debug|Any CPU.ActiveCfg = Debug|Any CPU
		{170A4FB9-543D-9CC3-031A-7AAC6B171227}.Debug|Any CPU.Build.0 = Debug|Any CPU
		{170A4FB9-543D-9CC3-031A-7AAC6B171227}.Debug|x86.ActiveCfg = Debug|Any CPU
		{170A4FB9-543D-9CC3-031A-7AAC6B171227}.Debug|x86.Build.0 = Debug|Any CPU
		{170A4FB9-543D-9CC3-031A-7AAC6B171227}.Release|Any CPU.ActiveCfg = Release|Any CPU
		{170A4FB9-543D-9CC3-031A-7AAC6B171227}.Release|Any CPU.Build.0 = Release|Any CPU
		{170A4FB9-543D-9CC3-031A-7AAC6B171227}.Release|x86.ActiveCfg = Release|Any CPU
		{170A4FB9-543D-9CC3-031A-7AAC6B171227}.Release|x86.Build.0 = Release|Any CPU
		{6479DDAA-FF42-6E65-6FCB-B12EF8EBD2E3}.Debug|Any CPU.ActiveCfg = Debug|Any CPU
		{6479DDAA-FF42-6E65-6FCB-B12EF8EBD2E3}.Debug|Any CPU.Build.0 = Debug|Any CPU
		{6479DDAA-FF42-6E65-6FCB-B12EF8EBD2E3}.Debug|x86.ActiveCfg = Debug|Any CPU
		{6479DDAA-FF42-6E65-6FCB-B12EF8EBD2E3}.Debug|x86.Build.0 = Debug|Any CPU
		{6479DDAA-FF42-6E65-6FCB-B12EF8EBD2E3}.Release|Any CPU.ActiveCfg = Release|Any CPU
		{6479DDAA-FF42-6E65-6FCB-B12EF8EBD2E3}.Release|Any CPU.Build.0 = Release|Any CPU
		{6479DDAA-FF42-6E65-6FCB-B12EF8EBD2E3}.Release|x86.ActiveCfg = Release|Any CPU
		{6479DDAA-FF42-6E65-6FCB-B12EF8EBD2E3}.Release|x86.Build.0 = Release|Any CPU
	EndGlobalSection
	GlobalSection(SolutionProperties) = preSolution
		HideSolutionNode = FALSE
	EndGlobalSection
	GlobalSection(NestedProjects) = preSolution
		{333C6444-07B8-4DC3-B4D3-01209EEE448F} = {5D557424-A202-4B25-A9AA-D599D5682D5B}
		{220AD6A7-D2C0-44E7-A07F-65312F4ADA0B} = {333C6444-07B8-4DC3-B4D3-01209EEE448F}
		{1280B712-9AC5-427F-824C-3E5A1106BF56} = {333C6444-07B8-4DC3-B4D3-01209EEE448F}
		{80CC3AF3-6252-4508-AFCA-C764C2D9D285} = {333C6444-07B8-4DC3-B4D3-01209EEE448F}
		{2A7B5724-FB33-4155-BA50-35E8C665C291} = {220AD6A7-D2C0-44E7-A07F-65312F4ADA0B}
		{1B39F4D4-2343-4A54-BC7D-2DF400B4C75E} = {333C6444-07B8-4DC3-B4D3-01209EEE448F}
		{8D7B1732-783D-4C2E-BFE3-50EA71F8E94C} = {333C6444-07B8-4DC3-B4D3-01209EEE448F}
		{4B5C619C-1571-4896-AB52-89A92CDC718D} = {333C6444-07B8-4DC3-B4D3-01209EEE448F}
		{B5506FB1-8969-47F4-B9A1-BBDE648436CD} = {333C6444-07B8-4DC3-B4D3-01209EEE448F}
		{91B1250D-665D-442D-92FB-3FDF44534EDA} = {333C6444-07B8-4DC3-B4D3-01209EEE448F}
		{844935A8-630B-474A-A626-07006FADCAF1} = {91B1250D-665D-442D-92FB-3FDF44534EDA}
		{67CC1E80-001B-49A4-88EF-40447C6EC18B} = {220AD6A7-D2C0-44E7-A07F-65312F4ADA0B}
		{4E6F9259-99F8-1080-204A-C5999E36E43D} = {B27A948F-D5B7-4816-9EF2-E46E6E41CA2E}
		{2C269A05-8E37-FAF3-9A73-3D9926325F26} = {B27A948F-D5B7-4816-9EF2-E46E6E41CA2E}
		{FDC61138-18EB-5FD4-0288-3BF149AB15FE} = {B27A948F-D5B7-4816-9EF2-E46E6E41CA2E}
		{889938E6-4E4D-9F9F-5ABE-1F329B8B0235} = {B27A948F-D5B7-4816-9EF2-E46E6E41CA2E}
		{838605B8-5766-57B6-2857-30131DB8EDDB} = {B27A948F-D5B7-4816-9EF2-E46E6E41CA2E}
		{9BA1C9A2-D26E-EA36-55B1-101FDAA72E53} = {B27A948F-D5B7-4816-9EF2-E46E6E41CA2E}
		{65405D9A-7BB6-1840-3469-DB1F45B8B6A0} = {B27A948F-D5B7-4816-9EF2-E46E6E41CA2E}
		{BD2A2075-2CC0-5D58-27D1-FF5D5471254A} = {B27A948F-D5B7-4816-9EF2-E46E6E41CA2E}
		{B27A948F-D5B7-4816-9EF2-E46E6E41CA2E} = {5D557424-A202-4B25-A9AA-D599D5682D5B}
		{49C002FF-7649-B1BF-2642-E5897B76B030} = {3E6B00AF-D523-46C6-BAAF-B4A1B7BA777C}
		{DA5464DF-55E1-D97D-D18E-CD874888B9A3} = {3E6B00AF-D523-46C6-BAAF-B4A1B7BA777C}
		{F9C70D30-30C5-6CD3-57F0-233932C4F222} = {3E6B00AF-D523-46C6-BAAF-B4A1B7BA777C}
		{E0715B78-72F1-B01B-0220-957E7FB526E5} = {3E6B00AF-D523-46C6-BAAF-B4A1B7BA777C}
		{8588F0CD-83EB-87CF-CD4A-1718411BDC76} = {3E6B00AF-D523-46C6-BAAF-B4A1B7BA777C}
		{54940CCC-3EBC-E1F9-0502-073339305243} = {3E6B00AF-D523-46C6-BAAF-B4A1B7BA777C}
		{73747974-DCC6-F331-FDB8-93082EBD735D} = {3E6B00AF-D523-46C6-BAAF-B4A1B7BA777C}
		{6BD79AC5-A619-9108-7B65-3D1FE38FD60B} = {3E6B00AF-D523-46C6-BAAF-B4A1B7BA777C}
		{3E6B00AF-D523-46C6-BAAF-B4A1B7BA777C} = {5D557424-A202-4B25-A9AA-D599D5682D5B}
		{D83F8BD1-F91C-870B-B06E-D9B19C6A137D} = {62185C28-4197-40BB-88D0-771DFECAAF9A}
		{31C62EFC-8363-D963-F564-64A90C825D69} = {62185C28-4197-40BB-88D0-771DFECAAF9A}
		{58CE3717-FAD1-B255-90F3-3B7E3EA506B7} = {62185C28-4197-40BB-88D0-771DFECAAF9A}
		{77DD14CD-8E4B-48E2-DAE1-F1A143815610} = {62185C28-4197-40BB-88D0-771DFECAAF9A}
		{870A5587-028E-A088-0143-500C53112A75} = {62185C28-4197-40BB-88D0-771DFECAAF9A}
		{82F069B3-40B2-AE60-D9A6-365175C6D04C} = {62185C28-4197-40BB-88D0-771DFECAAF9A}
		{EB540FA8-E099-9539-1D5C-403B5251FDF7} = {62185C28-4197-40BB-88D0-771DFECAAF9A}
		{405A97F9-E701-8F9F-1406-2F90710E2419} = {62185C28-4197-40BB-88D0-771DFECAAF9A}
		{62185C28-4197-40BB-88D0-771DFECAAF9A} = {5D557424-A202-4B25-A9AA-D599D5682D5B}
		{170A4FB9-543D-9CC3-031A-7AAC6B171227} = {62185C28-4197-40BB-88D0-771DFECAAF9A}
		{27BA7BC4-30E0-47BF-8AA5-8A438139606C} = {5D557424-A202-4B25-A9AA-D599D5682D5B}
		{6479DDAA-FF42-6E65-6FCB-B12EF8EBD2E3} = {27BA7BC4-30E0-47BF-8AA5-8A438139606C}
	EndGlobalSection
	GlobalSection(ExtensibilityGlobals) = postSolution
		SolutionGuid = {76B47B2A-64DE-4A08-9B05-5B5F2B1006BF}
	EndGlobalSection
EndGlobal
